{
  "originHash" : "b4c1cd37a9a386c6dc2c67982b443823c22990ed998893b8aa47dbdf8e75b003",
  "pins" : [
    {
      "identity" : "filetypes",
      "kind" : "remoteSourceControl",
      "location" : "https://github.com/leviouwendijk/FileTypes.git",
      "state" : {
        "branch" : "master",
        "revision" : "f0c1d8bf5beda0de51c9e95b687fbdec9e4ce7b0"
      }
    },
    {
      "identity" : "io",
      "kind" : "remoteSourceControl",
      "location" : "https://github.com/leviouwendijk/IO.git",
      "state" : {
        "branch" : "master",
        "revision" : "4cd73c07e948b6520ba912b08eb5f132aaa81775"
      }
    },
    {
      "identity" : "position",
      "kind" : "remoteSourceControl",
      "location" : "https://github.com/leviouwendijk/Position.git",
      "state" : {
        "branch" : "master",
        "revision" : "c80214283130c1bd4fc1c54dd5f3c574e3e4986c"
      }
    }
  ],
  "version" : 3
}
