{
  "originHash" : "da64fe83e6234c2e90ab3d265b901056fadfd6ce9fb14be64537f10782b94da1",
  "pins" : [
    {
      "identity" : "filetypes",
      "kind" : "remoteSourceControl",
      "location" : "https://github.com/leviouwendijk/FileTypes.git",
      "state" : {
        "branch" : "master",
        "revision" : "f0c1d8bf5beda0de51c9e95b687fbdec9e4ce7b0"
      }
    },
    {
      "identity" : "position",
      "kind" : "remoteSourceControl",
      "location" : "https://github.com/leviouwendijk/Position.git",
      "state" : {
        "branch" : "master",
        "revision" : "c80214283130c1bd4fc1c54dd5f3c574e3e4986c"
      }
    }
  ],
  "version" : 3
}
