{
  "originHash" : "da64fe83e6234c2e90ab3d265b901056fadfd6ce9fb14be64537f10782b94da1",
  "pins" : [
    {
      "identity" : "filetypes",
      "kind" : "remoteSourceControl",
      "location" : "https://github.com/leviouwendijk/FileTypes.git",
      "state" : {
        "branch" : "master",
        "revision" : "77d9b8387e7df863e66dd4665a6f5181365ffe0d"
      }
    },
    {
      "identity" : "position",
      "kind" : "remoteSourceControl",
      "location" : "https://github.com/leviouwendijk/Position.git",
      "state" : {
        "branch" : "master",
        "revision" : "70fd78230c3452d9a4471222d64324a2c084351d"
      }
    }
  ],
  "version" : 3
}
